
Microsoft Visual Studio Solution File, Format Version 11.00
# Visual Studio 2010
Project("{159641D6-6404-4A2A-AE62-294DE0FE8301}") = "Data Migration IP", "Data Migration IP\Data Migration IP.dtproj", "{83965522-CF9A-4460-8AB6-34EBF1682B5F}"
EndProject
Global
	GlobalSection(SolutionConfigurationPlatforms) = preSolution
		Development|Default = Development|Default
	EndGlobalSection
	GlobalSection(ProjectConfigurationPlatforms) = postSolution
		{83965522-CF9A-4460-8AB6-34EBF1682B5F}.Development|Default.ActiveCfg = Development
		{83965522-CF9A-4460-8AB6-34EBF1682B5F}.Development|Default.Build.0 = Development
	EndGlobalSection
	GlobalSection(SolutionProperties) = preSolution
		HideSolutionNode = FALSE
	EndGlobalSection
EndGlobal
