
Microsoft Visual Studio Solution File, Format Version 12.00
# Visual Studio Version 16
VisualStudioVersion = 16.0.29215.179
MinimumVisualStudioVersion = 10.0.40219.1
Project("{FAE04EC0-301F-11D3-BF4B-00C04F79EFBC}") = "SendSBMsg", "SendSBMsg.csproj", "{256C3949-3073-40EC-9780-2B231F73590D}"
EndProject
Global
	GlobalSection(SolutionConfigurationPlatforms) = preSolution
		Debug|Any CPU = Debug|Any CPU
		Release|Any CPU = Release|Any CPU
	EndGlobalSection
	GlobalSection(ProjectConfigurationPlatforms) = postSolution
		{256C3949-3073-40EC-9780-2B231F73590D}.Debug|Any CPU.ActiveCfg = Debug|Any CPU
		{256C3949-3073-40EC-9780-2B231F73590D}.Debug|Any CPU.Build.0 = Debug|Any CPU
		{256C3949-3073-40EC-9780-2B231F73590D}.Release|Any CPU.ActiveCfg = Release|Any CPU
		{256C3949-3073-40EC-9780-2B231F73590D}.Release|Any CPU.Build.0 = Release|Any CPU
	EndGlobalSection
	GlobalSection(SolutionProperties) = preSolution
		HideSolutionNode = FALSE
	EndGlobalSection
	GlobalSection(ExtensibilityGlobals) = postSolution
		SolutionGuid = {8252FC0D-8CDD-42BE-A614-55AA5FD387E9}
	EndGlobalSection
EndGlobal
